<Solution>
  <Folder Name="/src/">
    <Project Path="src/MicrosoftMcp.Calendar.Host/MicrosoftMcp.Calendar.Host.csproj" />
    <Project Path="src/MicrosoftMcp.Calendar/MicrosoftMcp.Calendar.csproj" />
    <Project Path="src/MicrosoftMcp.Common/MicrosoftMcp.Common.csproj" />
    <Project Path="src/MicrosoftMcp.Host/MicrosoftMcp.Host.csproj" />
    <Project Path="src/MicrosoftMcp.OneDrive.Host/MicrosoftMcp.OneDrive.Host.csproj" />
    <Project Path="src/MicrosoftMcp.OneDrive/MicrosoftMcp.OneDrive.csproj" />
    <Project Path="src/MicrosoftMcp.Outlook.Host/MicrosoftMcp.Outlook.Host.csproj" />
    <Project Path="src/MicrosoftMcp.Outlook/MicrosoftMcp.Outlook.csproj" />
    <Project Path="src/MicrosoftMcp.Teams.Host/MicrosoftMcp.Teams.Host.csproj" />
    <Project Path="src/MicrosoftMcp.Teams/MicrosoftMcp.Teams.csproj" />
  </Folder>
  <Folder Name="/tests/">
    <Project Path="tests/MicrosoftMcp.Calendar.Tests/MicrosoftMcp.Calendar.Tests.csproj" />
    <Project Path="tests/MicrosoftMcp.Common.Tests/MicrosoftMcp.Common.Tests.csproj" />
    <Project Path="tests/MicrosoftMcp.Host.Tests/MicrosoftMcp.Host.Tests.csproj" />
    <Project Path="tests/MicrosoftMcp.OneDrive.Tests/MicrosoftMcp.OneDrive.Tests.csproj" />
    <Project Path="tests/MicrosoftMcp.Outlook.Tests/MicrosoftMcp.Outlook.Tests.csproj" />
    <Project Path="tests/MicrosoftMcp.Teams.Tests/MicrosoftMcp.Teams.Tests.csproj" />
  </Folder>
</Solution>
